// !$*UTF8*$!
{
	archiveVersion = 1;
	classes = {
	};
	objectVersion = 70;
	objects = {

/* Begin PBXBuildFile section */
		89176E4A2DB7880B00593AC8 /* PinLayout in Frameworks */ = {isa = PBXBuildFile; productRef = 89176E492DB7880B00593AC8 /* PinLayout */; };
		89176E4D2DB7881E00593AC8 /* RxCocoa in Frameworks */ = {isa = PBXBuildFile; productRef = 89176E4C2DB7881E00593AC8 /* RxCocoa */; };
		89176E4F2DB7881E00593AC8 /* RxSwift in Frameworks */ = {isa = PBXBuildFile; productRef = 89176E4E2DB7881E00593AC8 /* RxSwift */; };
		89176E522DB7883300593AC8 /* Moya in Frameworks */ = {isa = PBXBuildFile; productRef = 89176E512DB7883300593AC8 /* Moya */; };
		89176E552DB7884200593AC8 /* Nuke in Frameworks */ = {isa = PBXBuildFile; productRef = 89176E542DB7884200593AC8 /* Nuke */; };
		89176E572DB7884200593AC8 /* NukeExtensions in Frameworks */ = {isa = PBXBuildFile; productRef = 89176E562DB7884200593AC8 /* NukeExtensions */; };
		89176E5A2DB7884C00593AC8 /* Promises in Frameworks */ = {isa = PBXBuildFile; productRef = 89176E592DB7884C00593AC8 /* Promises */; };
		89176E832DB886A000593AC8 /* MainTabBarController.swift in Sources */ = {isa = PBXBuildFile; fileRef = 89176E822DB886A000593AC8 /* MainTabBarController.swift */; };
		89EF6A062BCE3F30005FCB8D /* AppDelegate.swift in Sources */ = {isa = PBXBuildFile; fileRef = 89EF6A052BCE3F30005FCB8D /* AppDelegate.swift */; };
		89EF6A082BCE3F30005FCB8D /* SceneDelegate.swift in Sources */ = {isa = PBXBuildFile; fileRef = 89EF6A072BCE3F30005FCB8D /* SceneDelegate.swift */; };
		89EF6A0F2BCE3F31005FCB8D /* Assets.xcassets in Resources */ = {isa = PBXBuildFile; fileRef = 89EF6A0E2BCE3F31005FCB8D /* Assets.xcassets */; };
		89EF6A122BCE3F31005FCB8D /* Base in Resources */ = {isa = PBXBuildFile; fileRef = 89EF6A112BCE3F31005FCB8D /* Base */; };
		89F096632BD6275100A81C59 /* APIProvider.swift in Sources */ = {isa = PBXBuildFile; fileRef = 89F096622BD6275100A81C59 /* APIProvider.swift */; };
		89F096652BD6276700A81C59 /* APIType.swift in Sources */ = {isa = PBXBuildFile; fileRef = 89F096642BD6276700A81C59 /* APIType.swift */; };
		89F0966A2BD6320900A81C59 /* APIError.swift in Sources */ = {isa = PBXBuildFile; fileRef = 89F096692BD6320900A81C59 /* APIError.swift */; };
		89F096702BD6769800A81C59 /* UICollectionView.swift in Sources */ = {isa = PBXBuildFile; fileRef = 89F0966F2BD6769800A81C59 /* UICollectionView.swift */; };
/* End PBXBuildFile section */

/* Begin PBXFileReference section */
		89176E822DB886A000593AC8 /* MainTabBarController.swift */ = {isa = PBXFileReference; lastKnownFileType = sourcecode.swift; path = MainTabBarController.swift; sourceTree = "<group>"; };
		89EF6A022BCE3F30005FCB8D /* CompositionalLayoutTutorial.app */ = {isa = PBXFileReference; explicitFileType = wrapper.application; includeInIndex = 0; path = CompositionalLayoutTutorial.app; sourceTree = BUILT_PRODUCTS_DIR; };
		89EF6A052BCE3F30005FCB8D /* AppDelegate.swift */ = {isa = PBXFileReference; lastKnownFileType = sourcecode.swift; path = AppDelegate.swift; sourceTree = "<group>"; };
		89EF6A072BCE3F30005FCB8D /* SceneDelegate.swift */ = {isa = PBXFileReference; lastKnownFileType = sourcecode.swift; path = SceneDelegate.swift; sourceTree = "<group>"; };
		89EF6A0E2BCE3F31005FCB8D /* Assets.xcassets */ = {isa = PBXFileReference; lastKnownFileType = folder.assetcatalog; path = Assets.xcassets; sourceTree = "<group>"; };
		89EF6A112BCE3F31005FCB8D /* Base */ = {isa = PBXFileReference; lastKnownFileType = file.storyboard; name = Base; path = Base.lproj/LaunchScreen.storyboard; sourceTree = "<group>"; };
		89EF6A132BCE3F31005FCB8D /* Info.plist */ = {isa = PBXFileReference; lastKnownFileType = text.plist.xml; path = Info.plist; sourceTree = "<group>"; };
		89F096622BD6275100A81C59 /* APIProvider.swift */ = {isa = PBXFileReference; lastKnownFileType = sourcecode.swift; path = APIProvider.swift; sourceTree = "<group>"; };
		89F096642BD6276700A81C59 /* APIType.swift */ = {isa = PBXFileReference; lastKnownFileType = sourcecode.swift; path = APIType.swift; sourceTree = "<group>"; };
		89F096692BD6320900A81C59 /* APIError.swift */ = {isa = PBXFileReference; lastKnownFileType = sourcecode.swift; path = APIError.swift; sourceTree = "<group>"; };
		89F0966F2BD6769800A81C59 /* UICollectionView.swift */ = {isa = PBXFileReference; lastKnownFileType = sourcecode.swift; path = UICollectionView.swift; sourceTree = "<group>"; };
/* End PBXFileReference section */

/* Begin PBXFileSystemSynchronizedRootGroup section */
		89176E642DB7889B00593AC8 /* Update */ = {isa = PBXFileSystemSynchronizedRootGroup; explicitFileTypes = {}; explicitFolders = (); path = Update; sourceTree = "<group>"; };
		89F97B2F2DD6194800C4A16C /* Extensions */ = {isa = PBXFileSystemSynchronizedRootGroup; explicitFileTypes = {}; explicitFolders = (); path = Extensions; sourceTree = "<group>"; };
/* End PBXFileSystemSynchronizedRootGroup section */

/* Begin PBXFrameworksBuildPhase section */
		89EF69FF2BCE3F30005FCB8D /* Frameworks */ = {
			isa = PBXFrameworksBuildPhase;
			buildActionMask = 2147483647;
			files = (
				89176E4F2DB7881E00593AC8 /* RxSwift in Frameworks */,
				89176E4D2DB7881E00593AC8 /* RxCocoa in Frameworks */,
				89176E5A2DB7884C00593AC8 /* Promises in Frameworks */,
				89176E522DB7883300593AC8 /* Moya in Frameworks */,
				89176E4A2DB7880B00593AC8 /* PinLayout in Frameworks */,
				89176E552DB7884200593AC8 /* Nuke in Frameworks */,
				89176E572DB7884200593AC8 /* NukeExtensions in Frameworks */,
			);
			runOnlyForDeploymentPostprocessing = 0;
		};
/* End PBXFrameworksBuildPhase section */

/* Begin PBXGroup section */
		89EF69F92BCE3F30005FCB8D = {
			isa = PBXGroup;
			children = (
				89EF6A042BCE3F30005FCB8D /* CompositionalLayoutTutorial */,
				89EF6A032BCE3F30005FCB8D /* Products */,
			);
			sourceTree = "<group>";
		};
		89EF6A032BCE3F30005FCB8D /* Products */ = {
			isa = PBXGroup;
			children = (
				89EF6A022BCE3F30005FCB8D /* CompositionalLayoutTutorial.app */,
			);
			name = Products;
			sourceTree = "<group>";
		};
		89EF6A042BCE3F30005FCB8D /* CompositionalLayoutTutorial */ = {
			isa = PBXGroup;
			children = (
				89176E642DB7889B00593AC8 /* Update */,
				89EF6A052BCE3F30005FCB8D /* AppDelegate.swift */,
				89EF6A072BCE3F30005FCB8D /* SceneDelegate.swift */,
				89176E822DB886A000593AC8 /* MainTabBarController.swift */,
				89F0966F2BD6769800A81C59 /* UICollectionView.swift */,
				89F096612BD6273F00A81C59 /* API */,
				89EF6A0E2BCE3F31005FCB8D /* Assets.xcassets */,
				89EF6A102BCE3F31005FCB8D /* LaunchScreen.storyboard */,
				89EF6A132BCE3F31005FCB8D /* Info.plist */,
				89F97B2F2DD6194800C4A16C /* Extensions */,
			);
			path = CompositionalLayoutTutorial;
			sourceTree = "<group>";
		};
		89F096612BD6273F00A81C59 /* API */ = {
			isa = PBXGroup;
			children = (
				89F096622BD6275100A81C59 /* APIProvider.swift */,
				89F096642BD6276700A81C59 /* APIType.swift */,
				89F096692BD6320900A81C59 /* APIError.swift */,
			);
			path = API;
			sourceTree = "<group>";
		};
/* End PBXGroup section */

/* Begin PBXNativeTarget section */
		89EF6A012BCE3F30005FCB8D /* CompositionalLayoutTutorial */ = {
			isa = PBXNativeTarget;
			buildConfigurationList = 89EF6A162BCE3F31005FCB8D /* Build configuration list for PBXNativeTarget "CompositionalLayoutTutorial" */;
			buildPhases = (
				89EF69FE2BCE3F30005FCB8D /* Sources */,
				89EF69FF2BCE3F30005FCB8D /* Frameworks */,
				89EF6A002BCE3F30005FCB8D /* Resources */,
			);
			buildRules = (
			);
			dependencies = (
			);
			fileSystemSynchronizedGroups = (
				89176E642DB7889B00593AC8 /* Update */,
				89F97B2F2DD6194800C4A16C /* Extensions */,
			);
			name = CompositionalLayoutTutorial;
			packageProductDependencies = (
				89176E492DB7880B00593AC8 /* PinLayout */,
				89176E4C2DB7881E00593AC8 /* RxCocoa */,
				89176E4E2DB7881E00593AC8 /* RxSwift */,
				89176E512DB7883300593AC8 /* Moya */,
				89176E542DB7884200593AC8 /* Nuke */,
				89176E562DB7884200593AC8 /* NukeExtensions */,
				89176E592DB7884C00593AC8 /* Promises */,
			);
			productName = CompositionalLayoutTutorial;
			productReference = 89EF6A022BCE3F30005FCB8D /* CompositionalLayoutTutorial.app */;
			productType = "com.apple.product-type.application";
		};
/* End PBXNativeTarget section */

/* Begin PBXProject section */
		89EF69FA2BCE3F30005FCB8D /* Project object */ = {
			isa = PBXProject;
			attributes = {
				BuildIndependentTargetsInParallel = 1;
				LastSwiftUpdateCheck = 1530;
				LastUpgradeCheck = 1530;
				TargetAttributes = {
					89EF6A012BCE3F30005FCB8D = {
						CreatedOnToolsVersion = 15.3;
					};
				};
			};
			buildConfigurationList = 89EF69FD2BCE3F30005FCB8D /* Build configuration list for PBXProject "CompositionalLayoutTutorial" */;
			compatibilityVersion = "Xcode 14.0";
			developmentRegion = en;
			hasScannedForEncodings = 0;
			knownRegions = (
				en,
				Base,
			);
			mainGroup = 89EF69F92BCE3F30005FCB8D;
			packageReferences = (
				89176E482DB7880B00593AC8 /* XCRemoteSwiftPackageReference "PinLayout" */,
				89176E4B2DB7881E00593AC8 /* XCRemoteSwiftPackageReference "RxSwift" */,
				89176E502DB7883300593AC8 /* XCRemoteSwiftPackageReference "Moya" */,
				89176E532DB7884200593AC8 /* XCRemoteSwiftPackageReference "Nuke" */,
				89176E582DB7884C00593AC8 /* XCRemoteSwiftPackageReference "promises" */,
			);
			productRefGroup = 89EF6A032BCE3F30005FCB8D /* Products */;
			projectDirPath = "";
			projectRoot = "";
			targets = (
				89EF6A012BCE3F30005FCB8D /* CompositionalLayoutTutorial */,
			);
		};
/* End PBXProject section */

/* Begin PBXResourcesBuildPhase section */
		89EF6A002BCE3F30005FCB8D /* Resources */ = {
			isa = PBXResourcesBuildPhase;
			buildActionMask = 2147483647;
			files = (
				89EF6A0F2BCE3F31005FCB8D /* Assets.xcassets in Resources */,
				89EF6A122BCE3F31005FCB8D /* Base in Resources */,
			);
			runOnlyForDeploymentPostprocessing = 0;
		};
/* End PBXResourcesBuildPhase section */

/* Begin PBXSourcesBuildPhase section */
		89EF69FE2BCE3F30005FCB8D /* Sources */ = {
			isa = PBXSourcesBuildPhase;
			buildActionMask = 2147483647;
			files = (
				89EF6A062BCE3F30005FCB8D /* AppDelegate.swift in Sources */,
				89F096652BD6276700A81C59 /* APIType.swift in Sources */,
				89176E832DB886A000593AC8 /* MainTabBarController.swift in Sources */,
				89F096702BD6769800A81C59 /* UICollectionView.swift in Sources */,
				89EF6A082BCE3F30005FCB8D /* SceneDelegate.swift in Sources */,
				89F096632BD6275100A81C59 /* APIProvider.swift in Sources */,
				89F0966A2BD6320900A81C59 /* APIError.swift in Sources */,
			);
			runOnlyForDeploymentPostprocessing = 0;
		};
/* End PBXSourcesBuildPhase section */

/* Begin PBXVariantGroup section */
		89EF6A102BCE3F31005FCB8D /* LaunchScreen.storyboard */ = {
			isa = PBXVariantGroup;
			children = (
				89EF6A112BCE3F31005FCB8D /* Base */,
			);
			name = LaunchScreen.storyboard;
			sourceTree = "<group>";
		};
/* End PBXVariantGroup section */

/* Begin XCBuildConfiguration section */
		89EF6A142BCE3F31005FCB8D /* Debug */ = {
			isa = XCBuildConfiguration;
			buildSettings = {
				ALWAYS_SEARCH_USER_PATHS = NO;
				ASSETCATALOG_COMPILER_GENERATE_SWIFT_ASSET_SYMBOL_EXTENSIONS = YES;
				CLANG_ANALYZER_NONNULL = YES;
				CLANG_ANALYZER_NUMBER_OBJECT_CONVERSION = YES_AGGRESSIVE;
				CLANG_CXX_LANGUAGE_STANDARD = "gnu++20";
				CLANG_ENABLE_MODULES = YES;
				CLANG_ENABLE_OBJC_ARC = YES;
				CLANG_ENABLE_OBJC_WEAK = YES;
				CLANG_WARN_BLOCK_CAPTURE_AUTORELEASING = YES;
				CLANG_WARN_BOOL_CONVERSION = YES;
				CLANG_WARN_COMMA = YES;
				CLANG_WARN_CONSTANT_CONVERSION = YES;
				CLANG_WARN_DEPRECATED_OBJC_IMPLEMENTATIONS = YES;
				CLANG_WARN_DIRECT_OBJC_ISA_USAGE = YES_ERROR;
				CLANG_WARN_DOCUMENTATION_COMMENTS = YES;
				CLANG_WARN_EMPTY_BODY = YES;
				CLANG_WARN_ENUM_CONVERSION = YES;
				CLANG_WARN_INFINITE_RECURSION = YES;
				CLANG_WARN_INT_CONVERSION = YES;
				CLANG_WARN_NON_LITERAL_NULL_CONVERSION = YES;
				CLANG_WARN_OBJC_IMPLICIT_RETAIN_SELF = YES;
				CLANG_WARN_OBJC_LITERAL_CONVERSION = YES;
				CLANG_WARN_OBJC_ROOT_CLASS = YES_ERROR;
				CLANG_WARN_QUOTED_INCLUDE_IN_FRAMEWORK_HEADER = YES;
				CLANG_WARN_RANGE_LOOP_ANALYSIS = YES;
				CLANG_WARN_STRICT_PROTOTYPES = YES;
				CLANG_WARN_SUSPICIOUS_MOVE = YES;
				CLANG_WARN_UNGUARDED_AVAILABILITY = YES_AGGRESSIVE;
				CLANG_WARN_UNREACHABLE_CODE = YES;
				CLANG_WARN__DUPLICATE_METHOD_MATCH = YES;
				COPY_PHASE_STRIP = NO;
				DEBUG_INFORMATION_FORMAT = dwarf;
				ENABLE_STRICT_OBJC_MSGSEND = YES;
				ENABLE_TESTABILITY = YES;
				ENABLE_USER_SCRIPT_SANDBOXING = YES;
				GCC_C_LANGUAGE_STANDARD = gnu17;
				GCC_DYNAMIC_NO_PIC = NO;
				GCC_NO_COMMON_BLOCKS = YES;
				GCC_OPTIMIZATION_LEVEL = 0;
				GCC_PREPROCESSOR_DEFINITIONS = (
					"DEBUG=1",
					"$(inherited)",
				);
				GCC_WARN_64_TO_32_BIT_CONVERSION = YES;
				GCC_WARN_ABOUT_RETURN_TYPE = YES_ERROR;
				GCC_WARN_UNDECLARED_SELECTOR = YES;
				GCC_WARN_UNINITIALIZED_AUTOS = YES_AGGRESSIVE;
				GCC_WARN_UNUSED_FUNCTION = YES;
				GCC_WARN_UNUSED_VARIABLE = YES;
				IPHONEOS_DEPLOYMENT_TARGET = 17.4;
				LOCALIZATION_PREFERS_STRING_CATALOGS = YES;
				MTL_ENABLE_DEBUG_INFO = INCLUDE_SOURCE;
				MTL_FAST_MATH = YES;
				ONLY_ACTIVE_ARCH = YES;
				SDKROOT = iphoneos;
				SWIFT_ACTIVE_COMPILATION_CONDITIONS = "DEBUG $(inherited)";
				SWIFT_OPTIMIZATION_LEVEL = "-Onone";
			};
			name = Debug;
		};
		89EF6A152BCE3F31005FCB8D /* Release */ = {
			isa = XCBuildConfiguration;
			buildSettings = {
				ALWAYS_SEARCH_USER_PATHS = NO;
				ASSETCATALOG_COMPILER_GENERATE_SWIFT_ASSET_SYMBOL_EXTENSIONS = YES;
				CLANG_ANALYZER_NONNULL = YES;
				CLANG_ANALYZER_NUMBER_OBJECT_CONVERSION = YES_AGGRESSIVE;
				CLANG_CXX_LANGUAGE_STANDARD = "gnu++20";
				CLANG_ENABLE_MODULES = YES;
				CLANG_ENABLE_OBJC_ARC = YES;
				CLANG_ENABLE_OBJC_WEAK = YES;
				CLANG_WARN_BLOCK_CAPTURE_AUTORELEASING = YES;
				CLANG_WARN_BOOL_CONVERSION = YES;
				CLANG_WARN_COMMA = YES;
				CLANG_WARN_CONSTANT_CONVERSION = YES;
				CLANG_WARN_DEPRECATED_OBJC_IMPLEMENTATIONS = YES;
				CLANG_WARN_DIRECT_OBJC_ISA_USAGE = YES_ERROR;
				CLANG_WARN_DOCUMENTATION_COMMENTS = YES;
				CLANG_WARN_EMPTY_BODY = YES;
				CLANG_WARN_ENUM_CONVERSION = YES;
				CLANG_WARN_INFINITE_RECURSION = YES;
				CLANG_WARN_INT_CONVERSION = YES;
				CLANG_WARN_NON_LITERAL_NULL_CONVERSION = YES;
				CLANG_WARN_OBJC_IMPLICIT_RETAIN_SELF = YES;
				CLANG_WARN_OBJC_LITERAL_CONVERSION = YES;
				CLANG_WARN_OBJC_ROOT_CLASS = YES_ERROR;
				CLANG_WARN_QUOTED_INCLUDE_IN_FRAMEWORK_HEADER = YES;
				CLANG_WARN_RANGE_LOOP_ANALYSIS = YES;
				CLANG_WARN_STRICT_PROTOTYPES = YES;
				CLANG_WARN_SUSPICIOUS_MOVE = YES;
				CLANG_WARN_UNGUARDED_AVAILABILITY = YES_AGGRESSIVE;
				CLANG_WARN_UNREACHABLE_CODE = YES;
				CLANG_WARN__DUPLICATE_METHOD_MATCH = YES;
				COPY_PHASE_STRIP = NO;
				DEBUG_INFORMATION_FORMAT = "dwarf-with-dsym";
				ENABLE_NS_ASSERTIONS = NO;
				ENABLE_STRICT_OBJC_MSGSEND = YES;
				ENABLE_USER_SCRIPT_SANDBOXING = YES;
				GCC_C_LANGUAGE_STANDARD = gnu17;
				GCC_NO_COMMON_BLOCKS = YES;
				GCC_WARN_64_TO_32_BIT_CONVERSION = YES;
				GCC_WARN_ABOUT_RETURN_TYPE = YES_ERROR;
				GCC_WARN_UNDECLARED_SELECTOR = YES;
				GCC_WARN_UNINITIALIZED_AUTOS = YES_AGGRESSIVE;
				GCC_WARN_UNUSED_FUNCTION = YES;
				GCC_WARN_UNUSED_VARIABLE = YES;
				IPHONEOS_DEPLOYMENT_TARGET = 17.4;
				LOCALIZATION_PREFERS_STRING_CATALOGS = YES;
				MTL_ENABLE_DEBUG_INFO = NO;
				MTL_FAST_MATH = YES;
				SDKROOT = iphoneos;
				SWIFT_COMPILATION_MODE = wholemodule;
				VALIDATE_PRODUCT = YES;
			};
			name = Release;
		};
		89EF6A172BCE3F31005FCB8D /* Debug */ = {
			isa = XCBuildConfiguration;
			buildSettings = {
				ASSETCATALOG_COMPILER_APPICON_NAME = AppIcon;
				ASSETCATALOG_COMPILER_GLOBAL_ACCENT_COLOR_NAME = AccentColor;
				CODE_SIGN_STYLE = Automatic;
				CURRENT_PROJECT_VERSION = 1;
				DEVELOPMENT_TEAM = 6ZHTVF7326;
				GENERATE_INFOPLIST_FILE = YES;
				INFOPLIST_FILE = CompositionalLayoutTutorial/Info.plist;
				INFOPLIST_KEY_UIApplicationSupportsIndirectInputEvents = YES;
				INFOPLIST_KEY_UILaunchStoryboardName = LaunchScreen;
				INFOPLIST_KEY_UIMainStoryboardFile = "";
				INFOPLIST_KEY_UISupportedInterfaceOrientations_iPad = "UIInterfaceOrientationPortrait UIInterfaceOrientationPortraitUpsideDown UIInterfaceOrientationLandscapeLeft UIInterfaceOrientationLandscapeRight";
				INFOPLIST_KEY_UISupportedInterfaceOrientations_iPhone = "UIInterfaceOrientationPortrait UIInterfaceOrientationLandscapeLeft UIInterfaceOrientationLandscapeRight";
				LD_RUNPATH_SEARCH_PATHS = (
					"$(inherited)",
					"@executable_path/Frameworks",
				);
				MARKETING_VERSION = 1.0;
				PRODUCT_BUNDLE_IDENTIFIER = "com.link-u.CompositionalLayoutTutorial";
				PRODUCT_NAME = "$(TARGET_NAME)";
				SWIFT_EMIT_LOC_STRINGS = YES;
				SWIFT_VERSION = 5.0;
				TARGETED_DEVICE_FAMILY = "1,2";
			};
			name = Debug;
		};
		89EF6A182BCE3F31005FCB8D /* Release */ = {
			isa = XCBuildConfiguration;
			buildSettings = {
				ASSETCATALOG_COMPILER_APPICON_NAME = AppIcon;
				ASSETCATALOG_COMPILER_GLOBAL_ACCENT_COLOR_NAME = AccentColor;
				CODE_SIGN_STYLE = Automatic;
				CURRENT_PROJECT_VERSION = 1;
				DEVELOPMENT_TEAM = 6ZHTVF7326;
				GENERATE_INFOPLIST_FILE = YES;
				INFOPLIST_FILE = CompositionalLayoutTutorial/Info.plist;
				INFOPLIST_KEY_UIApplicationSupportsIndirectInputEvents = YES;
				INFOPLIST_KEY_UILaunchStoryboardName = LaunchScreen;
				INFOPLIST_KEY_UIMainStoryboardFile = "";
				INFOPLIST_KEY_UISupportedInterfaceOrientations_iPad = "UIInterfaceOrientationPortrait UIInterfaceOrientationPortraitUpsideDown UIInterfaceOrientationLandscapeLeft UIInterfaceOrientationLandscapeRight";
				INFOPLIST_KEY_UISupportedInterfaceOrientations_iPhone = "UIInterfaceOrientationPortrait UIInterfaceOrientationLandscapeLeft UIInterfaceOrientationLandscapeRight";
				LD_RUNPATH_SEARCH_PATHS = (
					"$(inherited)",
					"@executable_path/Frameworks",
				);
				MARKETING_VERSION = 1.0;
				PRODUCT_BUNDLE_IDENTIFIER = "com.link-u.CompositionalLayoutTutorial";
				PRODUCT_NAME = "$(TARGET_NAME)";
				SWIFT_EMIT_LOC_STRINGS = YES;
				SWIFT_VERSION = 5.0;
				TARGETED_DEVICE_FAMILY = "1,2";
			};
			name = Release;
		};
/* End XCBuildConfiguration section */

/* Begin XCConfigurationList section */
		89EF69FD2BCE3F30005FCB8D /* Build configuration list for PBXProject "CompositionalLayoutTutorial" */ = {
			isa = XCConfigurationList;
			buildConfigurations = (
				89EF6A142BCE3F31005FCB8D /* Debug */,
				89EF6A152BCE3F31005FCB8D /* Release */,
			);
			defaultConfigurationIsVisible = 0;
			defaultConfigurationName = Release;
		};
		89EF6A162BCE3F31005FCB8D /* Build configuration list for PBXNativeTarget "CompositionalLayoutTutorial" */ = {
			isa = XCConfigurationList;
			buildConfigurations = (
				89EF6A172BCE3F31005FCB8D /* Debug */,
				89EF6A182BCE3F31005FCB8D /* Release */,
			);
			defaultConfigurationIsVisible = 0;
			defaultConfigurationName = Release;
		};
/* End XCConfigurationList section */

/* Begin XCRemoteSwiftPackageReference section */
		89176E482DB7880B00593AC8 /* XCRemoteSwiftPackageReference "PinLayout" */ = {
			isa = XCRemoteSwiftPackageReference;
			repositoryURL = "https://github.com/layoutBox/PinLayout";
			requirement = {
				kind = upToNextMajorVersion;
				minimumVersion = 1.10.5;
			};
		};
		89176E4B2DB7881E00593AC8 /* XCRemoteSwiftPackageReference "RxSwift" */ = {
			isa = XCRemoteSwiftPackageReference;
			repositoryURL = "https://github.com/ReactiveX/RxSwift.git";
			requirement = {
				kind = upToNextMajorVersion;
				minimumVersion = 6.9.0;
			};
		};
		89176E502DB7883300593AC8 /* XCRemoteSwiftPackageReference "Moya" */ = {
			isa = XCRemoteSwiftPackageReference;
			repositoryURL = "https://github.com/Moya/Moya.git";
			requirement = {
				kind = upToNextMajorVersion;
				minimumVersion = 15.0.3;
			};
		};
		89176E532DB7884200593AC8 /* XCRemoteSwiftPackageReference "Nuke" */ = {
			isa = XCRemoteSwiftPackageReference;
			repositoryURL = "https://github.com/kean/Nuke";
			requirement = {
				kind = upToNextMajorVersion;
				minimumVersion = 12.8.0;
			};
		};
		89176E582DB7884C00593AC8 /* XCRemoteSwiftPackageReference "promises" */ = {
			isa = XCRemoteSwiftPackageReference;
			repositoryURL = "https://github.com/google/promises.git";
			requirement = {
				kind = upToNextMajorVersion;
				minimumVersion = 2.4.0;
			};
		};
/* End XCRemoteSwiftPackageReference section */

/* Begin XCSwiftPackageProductDependency section */
		89176E492DB7880B00593AC8 /* PinLayout */ = {
			isa = XCSwiftPackageProductDependency;
			package = 89176E482DB7880B00593AC8 /* XCRemoteSwiftPackageReference "PinLayout" */;
			productName = PinLayout;
		};
		89176E4C2DB7881E00593AC8 /* RxCocoa */ = {
			isa = XCSwiftPackageProductDependency;
			package = 89176E4B2DB7881E00593AC8 /* XCRemoteSwiftPackageReference "RxSwift" */;
			productName = RxCocoa;
		};
		89176E4E2DB7881E00593AC8 /* RxSwift */ = {
			isa = XCSwiftPackageProductDependency;
			package = 89176E4B2DB7881E00593AC8 /* XCRemoteSwiftPackageReference "RxSwift" */;
			productName = RxSwift;
		};
		89176E512DB7883300593AC8 /* Moya */ = {
			isa = XCSwiftPackageProductDependency;
			package = 89176E502DB7883300593AC8 /* XCRemoteSwiftPackageReference "Moya" */;
			productName = Moya;
		};
		89176E542DB7884200593AC8 /* Nuke */ = {
			isa = XCSwiftPackageProductDependency;
			package = 89176E532DB7884200593AC8 /* XCRemoteSwiftPackageReference "Nuke" */;
			productName = Nuke;
		};
		89176E562DB7884200593AC8 /* NukeExtensions */ = {
			isa = XCSwiftPackageProductDependency;
			package = 89176E532DB7884200593AC8 /* XCRemoteSwiftPackageReference "Nuke" */;
			productName = NukeExtensions;
		};
		89176E592DB7884C00593AC8 /* Promises */ = {
			isa = XCSwiftPackageProductDependency;
			package = 89176E582DB7884C00593AC8 /* XCRemoteSwiftPackageReference "promises" */;
			productName = Promises;
		};
/* End XCSwiftPackageProductDependency section */
	};
	rootObject = 89EF69FA2BCE3F30005FCB8D /* Project object */;
}
